
Microsoft Visual Studio Solution File, Format Version 12.00
# Visual Studio Version 17
VisualStudioVersion = 17.0.31903.59
MinimumVisualStudioVersion = 10.0.40219.1
Project("{2150E333-8FDC-42A3-9474-1A3956D46DE8}") = "src", "src", "{827E0CD3-B72D-47B6-A68D-7590B98EB39B}"
EndProject
Project("{FAE04EC0-301F-11D3-BF4B-00C04F79EFBC}") = "GstSharp.Net", "src\GstSharp.Net\GstSharp.Net.csproj", "{CC498A29-A583-4D4F-ACFB-6EC27D610231}"
EndProject
Project("{FAE04EC0-301F-11D3-BF4B-00C04F79EFBC}") = "GstSharp.Net.Base", "src\GstSharp.Net.Base\GstSharp.Net.Base.csproj", "{08B958C6-702E-445D-A17D-8B2596505740}"
EndProject
Project("{FAE04EC0-301F-11D3-BF4B-00C04F79EFBC}") = "GstSharp.Net.App", "src\GstSharp.Net.App\GstSharp.Net.App.csproj", "{E18CA1E8-24F5-49C5-8AA5-0316FB77F005}"
EndProject
Project("{FAE04EC0-301F-11D3-BF4B-00C04F79EFBC}") = "GstSharp.Net.Video", "src\GstSharp.Net.Video\GstSharp.Net.Video.csproj", "{1706920B-7770-46C8-8506-A3B098C5BAA0}"
EndProject
Project("{FAE04EC0-301F-11D3-BF4B-00C04F79EFBC}") = "GstSharp.Net.Audio", "src\GstSharp.Net.Audio\GstSharp.Net.Audio.csproj", "{58EC692F-ED8E-4757-BE84-B2FC2DCDA27A}"
EndProject
Project("{FAE04EC0-301F-11D3-BF4B-00C04F79EFBC}") = "GstSharp.Net.Pbutils", "src\GstSharp.Net.Pbutils\GstSharp.Net.Pbutils.csproj", "{D9AF513E-E425-4A8D-823A-5380D9F184C6}"
EndProject
Project("{FAE04EC0-301F-11D3-BF4B-00C04F79EFBC}") = "GstSharp.Net.Sdp", "src\GstSharp.Net.Sdp\GstSharp.Net.Sdp.csproj", "{74B87BF7-3C57-48C2-A2E4-FC0F180710B2}"
EndProject
Project("{FAE04EC0-301F-11D3-BF4B-00C04F79EFBC}") = "GstSharp.Net.WebRTC", "src\GstSharp.Net.WebRTC\GstSharp.Net.WebRTC.csproj", "{4A21148D-EAD9-41F0-B39E-67A315409079}"
EndProject
Project("{FAE04EC0-301F-11D3-BF4B-00C04F79EFBC}") = "GstSharp.Net.Net", "src\GstSharp.Net.Net\GstSharp.Net.Net.csproj", "{BD979656-54E5-44F6-B24B-22A4B41AD88D}"
EndProject
Project("{FAE04EC0-301F-11D3-BF4B-00C04F79EFBC}") = "GstSharp.Net.Rtsp", "src\GstSharp.Net.Rtsp\GstSharp.Net.Rtsp.csproj", "{0FED926C-8E75-4BF0-BCEA-CAE7911FFA3E}"
EndProject
Project("{FAE04EC0-301F-11D3-BF4B-00C04F79EFBC}") = "GstSharp.Net.Analyzers", "src\GstSharp.Net.Analyzers\GstSharp.Net.Analyzers.csproj", "{FEE2115F-26C3-48F4-87E0-25A530106F5A}"
EndProject
Project("{2150E333-8FDC-42A3-9474-1A3956D46DE8}") = "generator", "generator", "{3FA0F85F-A7C6-0754-1E55-9BD5D403A7D0}"
EndProject
Project("{FAE04EC0-301F-11D3-BF4B-00C04F79EFBC}") = "GstSharp.Generator", "generator\GstSharp.Generator\GstSharp.Generator.csproj", "{83AE77AC-D14B-4649-9FC8-A17E6F54B8B3}"
EndProject
Project("{2150E333-8FDC-42A3-9474-1A3956D46DE8}") = "samples", "samples", "{5D20AA90-6969-D8BD-9DCD-8634F4692FDA}"
EndProject
Project("{FAE04EC0-301F-11D3-BF4B-00C04F79EFBC}") = "PlaybinPlayer", "samples\PlaybinPlayer\PlaybinPlayer.csproj", "{D11A76FA-7D29-454D-95E9-5DD8DBEF6233}"
EndProject
Project("{FAE04EC0-301F-11D3-BF4B-00C04F79EFBC}") = "AppSinkSpans", "samples\AppSinkSpans\AppSinkSpans.csproj", "{AC0A544D-EF59-4077-8E39-29E597D2E6F2}"
EndProject
Project("{FAE04EC0-301F-11D3-BF4B-00C04F79EFBC}") = "AotSmoke", "samples\AotSmoke\AotSmoke.csproj", "{0418CA81-B688-4B3E-9AAC-932A8E592363}"
EndProject
Project("{2150E333-8FDC-42A3-9474-1A3956D46DE8}") = "tests", "tests", "{0AB3BF05-4346-4AA6-1389-037BE0695223}"
EndProject
Project("{FAE04EC0-301F-11D3-BF4B-00C04F79EFBC}") = "GstSharp.Generator.Tests", "tests\GstSharp.Generator.Tests\GstSharp.Generator.Tests.csproj", "{0C318A40-226A-42AE-A952-480B3ED3DBC6}"
EndProject
Project("{FAE04EC0-301F-11D3-BF4B-00C04F79EFBC}") = "GstSharp.Analyzers.Tests", "tests\GstSharp.Analyzers.Tests\GstSharp.Analyzers.Tests.csproj", "{6D1B83E6-2F3E-4E78-9511-3A1A43BB0C36}"
EndProject
Project("{FAE04EC0-301F-11D3-BF4B-00C04F79EFBC}") = "GstSharp.Core.Tests", "tests\GstSharp.Core.Tests\GstSharp.Core.Tests.csproj", "{847E786E-7458-4513-841A-4ECFAA60733D}"
EndProject
Global
	GlobalSection(SolutionConfigurationPlatforms) = preSolution
		Debug|Any CPU = Debug|Any CPU
		Debug|x64 = Debug|x64
		Debug|x86 = Debug|x86
		Release|Any CPU = Release|Any CPU
		Release|x64 = Release|x64
		Release|x86 = Release|x86
	EndGlobalSection
	GlobalSection(ProjectConfigurationPlatforms) = postSolution
		{CC498A29-A583-4D4F-ACFB-6EC27D610231}.Debug|Any CPU.ActiveCfg = Debug|Any CPU
		{CC498A29-A583-4D4F-ACFB-6EC27D610231}.Debug|Any CPU.Build.0 = Debug|Any CPU
		{CC498A29-A583-4D4F-ACFB-6EC27D610231}.Debug|x64.ActiveCfg = Debug|Any CPU
		{CC498A29-A583-4D4F-ACFB-6EC27D610231}.Debug|x64.Build.0 = Debug|Any CPU
		{CC498A29-A583-4D4F-ACFB-6EC27D610231}.Debug|x86.ActiveCfg = Debug|Any CPU
		{CC498A29-A583-4D4F-ACFB-6EC27D610231}.Debug|x86.Build.0 = Debug|Any CPU
		{CC498A29-A583-4D4F-ACFB-6EC27D610231}.Release|Any CPU.ActiveCfg = Release|Any CPU
		{CC498A29-A583-4D4F-ACFB-6EC27D610231}.Release|Any CPU.Build.0 = Release|Any CPU
		{CC498A29-A583-4D4F-ACFB-6EC27D610231}.Release|x64.ActiveCfg = Release|Any CPU
		{CC498A29-A583-4D4F-ACFB-6EC27D610231}.Release|x64.Build.0 = Release|Any CPU
		{CC498A29-A583-4D4F-ACFB-6EC27D610231}.Release|x86.ActiveCfg = Release|Any CPU
		{CC498A29-A583-4D4F-ACFB-6EC27D610231}.Release|x86.Build.0 = Release|Any CPU
		{08B958C6-702E-445D-A17D-8B2596505740}.Debug|Any CPU.ActiveCfg = Debug|Any CPU
		{08B958C6-702E-445D-A17D-8B2596505740}.Debug|Any CPU.Build.0 = Debug|Any CPU
		{08B958C6-702E-445D-A17D-8B2596505740}.Debug|x64.ActiveCfg = Debug|Any CPU
		{08B958C6-702E-445D-A17D-8B2596505740}.Debug|x64.Build.0 = Debug|Any CPU
		{08B958C6-702E-445D-A17D-8B2596505740}.Debug|x86.ActiveCfg = Debug|Any CPU
		{08B958C6-702E-445D-A17D-8B2596505740}.Debug|x86.Build.0 = Debug|Any CPU
		{08B958C6-702E-445D-A17D-8B2596505740}.Release|Any CPU.ActiveCfg = Release|Any CPU
		{08B958C6-702E-445D-A17D-8B2596505740}.Release|Any CPU.Build.0 = Release|Any CPU
		{08B958C6-702E-445D-A17D-8B2596505740}.Release|x64.ActiveCfg = Release|Any CPU
		{08B958C6-702E-445D-A17D-8B2596505740}.Release|x64.Build.0 = Release|Any CPU
		{08B958C6-702E-445D-A17D-8B2596505740}.Release|x86.ActiveCfg = Release|Any CPU
		{08B958C6-702E-445D-A17D-8B2596505740}.Release|x86.Build.0 = Release|Any CPU
		{E18CA1E8-24F5-49C5-8AA5-0316FB77F005}.Debug|Any CPU.ActiveCfg = Debug|Any CPU
		{E18CA1E8-24F5-49C5-8AA5-0316FB77F005}.Debug|Any CPU.Build.0 = Debug|Any CPU
		{E18CA1E8-24F5-49C5-8AA5-0316FB77F005}.Debug|x64.ActiveCfg = Debug|Any CPU
		{E18CA1E8-24F5-49C5-8AA5-0316FB77F005}.Debug|x64.Build.0 = Debug|Any CPU
		{E18CA1E8-24F5-49C5-8AA5-0316FB77F005}.Debug|x86.ActiveCfg = Debug|Any CPU
		{E18CA1E8-24F5-49C5-8AA5-0316FB77F005}.Debug|x86.Build.0 = Debug|Any CPU
		{E18CA1E8-24F5-49C5-8AA5-0316FB77F005}.Release|Any CPU.ActiveCfg = Release|Any CPU
		{E18CA1E8-24F5-49C5-8AA5-0316FB77F005}.Release|Any CPU.Build.0 = Release|Any CPU
		{E18CA1E8-24F5-49C5-8AA5-0316FB77F005}.Release|x64.ActiveCfg = Release|Any CPU
		{E18CA1E8-24F5-49C5-8AA5-0316FB77F005}.Release|x64.Build.0 = Release|Any CPU
		{E18CA1E8-24F5-49C5-8AA5-0316FB77F005}.Release|x86.ActiveCfg = Release|Any CPU
		{E18CA1E8-24F5-49C5-8AA5-0316FB77F005}.Release|x86.Build.0 = Release|Any CPU
		{1706920B-7770-46C8-8506-A3B098C5BAA0}.Debug|Any CPU.ActiveCfg = Debug|Any CPU
		{1706920B-7770-46C8-8506-A3B098C5BAA0}.Debug|Any CPU.Build.0 = Debug|Any CPU
		{1706920B-7770-46C8-8506-A3B098C5BAA0}.Debug|x64.ActiveCfg = Debug|Any CPU
		{1706920B-7770-46C8-8506-A3B098C5BAA0}.Debug|x64.Build.0 = Debug|Any CPU
		{1706920B-7770-46C8-8506-A3B098C5BAA0}.Debug|x86.ActiveCfg = Debug|Any CPU
		{1706920B-7770-46C8-8506-A3B098C5BAA0}.Debug|x86.Build.0 = Debug|Any CPU
		{1706920B-7770-46C8-8506-A3B098C5BAA0}.Release|Any CPU.ActiveCfg = Release|Any CPU
		{1706920B-7770-46C8-8506-A3B098C5BAA0}.Release|Any CPU.Build.0 = Release|Any CPU
		{1706920B-7770-46C8-8506-A3B098C5BAA0}.Release|x64.ActiveCfg = Release|Any CPU
		{1706920B-7770-46C8-8506-A3B098C5BAA0}.Release|x64.Build.0 = Release|Any CPU
		{1706920B-7770-46C8-8506-A3B098C5BAA0}.Release|x86.ActiveCfg = Release|Any CPU
		{1706920B-7770-46C8-8506-A3B098C5BAA0}.Release|x86.Build.0 = Release|Any CPU
		{58EC692F-ED8E-4757-BE84-B2FC2DCDA27A}.Debug|Any CPU.ActiveCfg = Debug|Any CPU
		{58EC692F-ED8E-4757-BE84-B2FC2DCDA27A}.Debug|Any CPU.Build.0 = Debug|Any CPU
		{58EC692F-ED8E-4757-BE84-B2FC2DCDA27A}.Debug|x64.ActiveCfg = Debug|Any CPU
		{58EC692F-ED8E-4757-BE84-B2FC2DCDA27A}.Debug|x64.Build.0 = Debug|Any CPU
		{58EC692F-ED8E-4757-BE84-B2FC2DCDA27A}.Debug|x86.ActiveCfg = Debug|Any CPU
		{58EC692F-ED8E-4757-BE84-B2FC2DCDA27A}.Debug|x86.Build.0 = Debug|Any CPU
		{58EC692F-ED8E-4757-BE84-B2FC2DCDA27A}.Release|Any CPU.ActiveCfg = Release|Any CPU
		{58EC692F-ED8E-4757-BE84-B2FC2DCDA27A}.Release|Any CPU.Build.0 = Release|Any CPU
		{58EC692F-ED8E-4757-BE84-B2FC2DCDA27A}.Release|x64.ActiveCfg = Release|Any CPU
		{58EC692F-ED8E-4757-BE84-B2FC2DCDA27A}.Release|x64.Build.0 = Release|Any CPU
		{58EC692F-ED8E-4757-BE84-B2FC2DCDA27A}.Release|x86.ActiveCfg = Release|Any CPU
		{58EC692F-ED8E-4757-BE84-B2FC2DCDA27A}.Release|x86.Build.0 = Release|Any CPU
		{D9AF513E-E425-4A8D-823A-5380D9F184C6}.Debug|Any CPU.ActiveCfg = Debug|Any CPU
		{D9AF513E-E425-4A8D-823A-5380D9F184C6}.Debug|Any CPU.Build.0 = Debug|Any CPU
		{D9AF513E-E425-4A8D-823A-5380D9F184C6}.Debug|x64.ActiveCfg = Debug|Any CPU
		{D9AF513E-E425-4A8D-823A-5380D9F184C6}.Debug|x64.Build.0 = Debug|Any CPU
		{D9AF513E-E425-4A8D-823A-5380D9F184C6}.Debug|x86.ActiveCfg = Debug|Any CPU
		{D9AF513E-E425-4A8D-823A-5380D9F184C6}.Debug|x86.Build.0 = Debug|Any CPU
		{D9AF513E-E425-4A8D-823A-5380D9F184C6}.Release|Any CPU.ActiveCfg = Release|Any CPU
		{D9AF513E-E425-4A8D-823A-5380D9F184C6}.Release|Any CPU.Build.0 = Release|Any CPU
		{D9AF513E-E425-4A8D-823A-5380D9F184C6}.Release|x64.ActiveCfg = Release|Any CPU
		{D9AF513E-E425-4A8D-823A-5380D9F184C6}.Release|x64.Build.0 = Release|Any CPU
		{D9AF513E-E425-4A8D-823A-5380D9F184C6}.Release|x86.ActiveCfg = Release|Any CPU
		{D9AF513E-E425-4A8D-823A-5380D9F184C6}.Release|x86.Build.0 = Release|Any CPU
		{74B87BF7-3C57-48C2-A2E4-FC0F180710B2}.Debug|Any CPU.ActiveCfg = Debug|Any CPU
		{74B87BF7-3C57-48C2-A2E4-FC0F180710B2}.Debug|Any CPU.Build.0 = Debug|Any CPU
		{74B87BF7-3C57-48C2-A2E4-FC0F180710B2}.Debug|x64.ActiveCfg = Debug|Any CPU
		{74B87BF7-3C57-48C2-A2E4-FC0F180710B2}.Debug|x64.Build.0 = Debug|Any CPU
		{74B87BF7-3C57-48C2-A2E4-FC0F180710B2}.Debug|x86.ActiveCfg = Debug|Any CPU
		{74B87BF7-3C57-48C2-A2E4-FC0F180710B2}.Debug|x86.Build.0 = Debug|Any CPU
		{74B87BF7-3C57-48C2-A2E4-FC0F180710B2}.Release|Any CPU.ActiveCfg = Release|Any CPU
		{74B87BF7-3C57-48C2-A2E4-FC0F180710B2}.Release|Any CPU.Build.0 = Release|Any CPU
		{74B87BF7-3C57-48C2-A2E4-FC0F180710B2}.Release|x64.ActiveCfg = Release|Any CPU
		{74B87BF7-3C57-48C2-A2E4-FC0F180710B2}.Release|x64.Build.0 = Release|Any CPU
		{74B87BF7-3C57-48C2-A2E4-FC0F180710B2}.Release|x86.ActiveCfg = Release|Any CPU
		{74B87BF7-3C57-48C2-A2E4-FC0F180710B2}.Release|x86.Build.0 = Release|Any CPU
		{4A21148D-EAD9-41F0-B39E-67A315409079}.Debug|Any CPU.ActiveCfg = Debug|Any CPU
		{4A21148D-EAD9-41F0-B39E-67A315409079}.Debug|Any CPU.Build.0 = Debug|Any CPU
		{4A21148D-EAD9-41F0-B39E-67A315409079}.Debug|x64.ActiveCfg = Debug|Any CPU
		{4A21148D-EAD9-41F0-B39E-67A315409079}.Debug|x64.Build.0 = Debug|Any CPU
		{4A21148D-EAD9-41F0-B39E-67A315409079}.Debug|x86.ActiveCfg = Debug|Any CPU
		{4A21148D-EAD9-41F0-B39E-67A315409079}.Debug|x86.Build.0 = Debug|Any CPU
		{4A21148D-EAD9-41F0-B39E-67A315409079}.Release|Any CPU.ActiveCfg = Release|Any CPU
		{4A21148D-EAD9-41F0-B39E-67A315409079}.Release|Any CPU.Build.0 = Release|Any CPU
		{4A21148D-EAD9-41F0-B39E-67A315409079}.Release|x64.ActiveCfg = Release|Any CPU
		{4A21148D-EAD9-41F0-B39E-67A315409079}.Release|x64.Build.0 = Release|Any CPU
		{4A21148D-EAD9-41F0-B39E-67A315409079}.Release|x86.ActiveCfg = Release|Any CPU
		{4A21148D-EAD9-41F0-B39E-67A315409079}.Release|x86.Build.0 = Release|Any CPU
		{BD979656-54E5-44F6-B24B-22A4B41AD88D}.Debug|Any CPU.ActiveCfg = Debug|Any CPU
		{BD979656-54E5-44F6-B24B-22A4B41AD88D}.Debug|Any CPU.Build.0 = Debug|Any CPU
		{BD979656-54E5-44F6-B24B-22A4B41AD88D}.Debug|x64.ActiveCfg = Debug|Any CPU
		{BD979656-54E5-44F6-B24B-22A4B41AD88D}.Debug|x64.Build.0 = Debug|Any CPU
		{BD979656-54E5-44F6-B24B-22A4B41AD88D}.Debug|x86.ActiveCfg = Debug|Any CPU
		{BD979656-54E5-44F6-B24B-22A4B41AD88D}.Debug|x86.Build.0 = Debug|Any CPU
		{BD979656-54E5-44F6-B24B-22A4B41AD88D}.Release|Any CPU.ActiveCfg = Release|Any CPU
		{BD979656-54E5-44F6-B24B-22A4B41AD88D}.Release|Any CPU.Build.0 = Release|Any CPU
		{BD979656-54E5-44F6-B24B-22A4B41AD88D}.Release|x64.ActiveCfg = Release|Any CPU
		{BD979656-54E5-44F6-B24B-22A4B41AD88D}.Release|x64.Build.0 = Release|Any CPU
		{BD979656-54E5-44F6-B24B-22A4B41AD88D}.Release|x86.ActiveCfg = Release|Any CPU
		{BD979656-54E5-44F6-B24B-22A4B41AD88D}.Release|x86.Build.0 = Release|Any CPU
		{0FED926C-8E75-4BF0-BCEA-CAE7911FFA3E}.Debug|Any CPU.ActiveCfg = Debug|Any CPU
		{0FED926C-8E75-4BF0-BCEA-CAE7911FFA3E}.Debug|Any CPU.Build.0 = Debug|Any CPU
		{0FED926C-8E75-4BF0-BCEA-CAE7911FFA3E}.Debug|x64.ActiveCfg = Debug|Any CPU
		{0FED926C-8E75-4BF0-BCEA-CAE7911FFA3E}.Debug|x64.Build.0 = Debug|Any CPU
		{0FED926C-8E75-4BF0-BCEA-CAE7911FFA3E}.Debug|x86.ActiveCfg = Debug|Any CPU
		{0FED926C-8E75-4BF0-BCEA-CAE7911FFA3E}.Debug|x86.Build.0 = Debug|Any CPU
		{0FED926C-8E75-4BF0-BCEA-CAE7911FFA3E}.Release|Any CPU.ActiveCfg = Release|Any CPU
		{0FED926C-8E75-4BF0-BCEA-CAE7911FFA3E}.Release|Any CPU.Build.0 = Release|Any CPU
		{0FED926C-8E75-4BF0-BCEA-CAE7911FFA3E}.Release|x64.ActiveCfg = Release|Any CPU
		{0FED926C-8E75-4BF0-BCEA-CAE7911FFA3E}.Release|x64.Build.0 = Release|Any CPU
		{0FED926C-8E75-4BF0-BCEA-CAE7911FFA3E}.Release|x86.ActiveCfg = Release|Any CPU
		{0FED926C-8E75-4BF0-BCEA-CAE7911FFA3E}.Release|x86.Build.0 = Release|Any CPU
		{FEE2115F-26C3-48F4-87E0-25A530106F5A}.Debug|Any CPU.ActiveCfg = Debug|Any CPU
		{FEE2115F-26C3-48F4-87E0-25A530106F5A}.Debug|Any CPU.Build.0 = Debug|Any CPU
		{FEE2115F-26C3-48F4-87E0-25A530106F5A}.Debug|x64.ActiveCfg = Debug|Any CPU
		{FEE2115F-26C3-48F4-87E0-25A530106F5A}.Debug|x64.Build.0 = Debug|Any CPU
		{FEE2115F-26C3-48F4-87E0-25A530106F5A}.Debug|x86.ActiveCfg = Debug|Any CPU
		{FEE2115F-26C3-48F4-87E0-25A530106F5A}.Debug|x86.Build.0 = Debug|Any CPU
		{FEE2115F-26C3-48F4-87E0-25A530106F5A}.Release|Any CPU.ActiveCfg = Release|Any CPU
		{FEE2115F-26C3-48F4-87E0-25A530106F5A}.Release|Any CPU.Build.0 = Release|Any CPU
		{FEE2115F-26C3-48F4-87E0-25A530106F5A}.Release|x64.ActiveCfg = Release|Any CPU
		{FEE2115F-26C3-48F4-87E0-25A530106F5A}.Release|x64.Build.0 = Release|Any CPU
		{FEE2115F-26C3-48F4-87E0-25A530106F5A}.Release|x86.ActiveCfg = Release|Any CPU
		{FEE2115F-26C3-48F4-87E0-25A530106F5A}.Release|x86.Build.0 = Release|Any CPU
		{83AE77AC-D14B-4649-9FC8-A17E6F54B8B3}.Debug|Any CPU.ActiveCfg = Debug|Any CPU
		{83AE77AC-D14B-4649-9FC8-A17E6F54B8B3}.Debug|Any CPU.Build.0 = Debug|Any CPU
		{83AE77AC-D14B-4649-9FC8-A17E6F54B8B3}.Debug|x64.ActiveCfg = Debug|Any CPU
		{83AE77AC-D14B-4649-9FC8-A17E6F54B8B3}.Debug|x64.Build.0 = Debug|Any CPU
		{83AE77AC-D14B-4649-9FC8-A17E6F54B8B3}.Debug|x86.ActiveCfg = Debug|Any CPU
		{83AE77AC-D14B-4649-9FC8-A17E6F54B8B3}.Debug|x86.Build.0 = Debug|Any CPU
		{83AE77AC-D14B-4649-9FC8-A17E6F54B8B3}.Release|Any CPU.ActiveCfg = Release|Any CPU
		{83AE77AC-D14B-4649-9FC8-A17E6F54B8B3}.Release|Any CPU.Build.0 = Release|Any CPU
		{83AE77AC-D14B-4649-9FC8-A17E6F54B8B3}.Release|x64.ActiveCfg = Release|Any CPU
		{83AE77AC-D14B-4649-9FC8-A17E6F54B8B3}.Release|x64.Build.0 = Release|Any CPU
		{83AE77AC-D14B-4649-9FC8-A17E6F54B8B3}.Release|x86.ActiveCfg = Release|Any CPU
		{83AE77AC-D14B-4649-9FC8-A17E6F54B8B3}.Release|x86.Build.0 = Release|Any CPU
		{D11A76FA-7D29-454D-95E9-5DD8DBEF6233}.Debug|Any CPU.ActiveCfg = Debug|Any CPU
		{D11A76FA-7D29-454D-95E9-5DD8DBEF6233}.Debug|Any CPU.Build.0 = Debug|Any CPU
		{D11A76FA-7D29-454D-95E9-5DD8DBEF6233}.Debug|x64.ActiveCfg = Debug|Any CPU
		{D11A76FA-7D29-454D-95E9-5DD8DBEF6233}.Debug|x64.Build.0 = Debug|Any CPU
		{D11A76FA-7D29-454D-95E9-5DD8DBEF6233}.Debug|x86.ActiveCfg = Debug|Any CPU
		{D11A76FA-7D29-454D-95E9-5DD8DBEF6233}.Debug|x86.Build.0 = Debug|Any CPU
		{D11A76FA-7D29-454D-95E9-5DD8DBEF6233}.Release|Any CPU.ActiveCfg = Release|Any CPU
		{D11A76FA-7D29-454D-95E9-5DD8DBEF6233}.Release|Any CPU.Build.0 = Release|Any CPU
		{D11A76FA-7D29-454D-95E9-5DD8DBEF6233}.Release|x64.ActiveCfg = Release|Any CPU
		{D11A76FA-7D29-454D-95E9-5DD8DBEF6233}.Release|x64.Build.0 = Release|Any CPU
		{D11A76FA-7D29-454D-95E9-5DD8DBEF6233}.Release|x86.ActiveCfg = Release|Any CPU
		{D11A76FA-7D29-454D-95E9-5DD8DBEF6233}.Release|x86.Build.0 = Release|Any CPU
		{AC0A544D-EF59-4077-8E39-29E597D2E6F2}.Debug|Any CPU.ActiveCfg = Debug|Any CPU
		{AC0A544D-EF59-4077-8E39-29E597D2E6F2}.Debug|Any CPU.Build.0 = Debug|Any CPU
		{AC0A544D-EF59-4077-8E39-29E597D2E6F2}.Debug|x64.ActiveCfg = Debug|Any CPU
		{AC0A544D-EF59-4077-8E39-29E597D2E6F2}.Debug|x64.Build.0 = Debug|Any CPU
		{AC0A544D-EF59-4077-8E39-29E597D2E6F2}.Debug|x86.ActiveCfg = Debug|Any CPU
		{AC0A544D-EF59-4077-8E39-29E597D2E6F2}.Debug|x86.Build.0 = Debug|Any CPU
		{AC0A544D-EF59-4077-8E39-29E597D2E6F2}.Release|Any CPU.ActiveCfg = Release|Any CPU
		{AC0A544D-EF59-4077-8E39-29E597D2E6F2}.Release|Any CPU.Build.0 = Release|Any CPU
		{AC0A544D-EF59-4077-8E39-29E597D2E6F2}.Release|x64.ActiveCfg = Release|Any CPU
		{AC0A544D-EF59-4077-8E39-29E597D2E6F2}.Release|x64.Build.0 = Release|Any CPU
		{AC0A544D-EF59-4077-8E39-29E597D2E6F2}.Release|x86.ActiveCfg = Release|Any CPU
		{AC0A544D-EF59-4077-8E39-29E597D2E6F2}.Release|x86.Build.0 = Release|Any CPU
		{0418CA81-B688-4B3E-9AAC-932A8E592363}.Debug|Any CPU.ActiveCfg = Debug|Any CPU
		{0418CA81-B688-4B3E-9AAC-932A8E592363}.Debug|Any CPU.Build.0 = Debug|Any CPU
		{0418CA81-B688-4B3E-9AAC-932A8E592363}.Debug|x64.ActiveCfg = Debug|Any CPU
		{0418CA81-B688-4B3E-9AAC-932A8E592363}.Debug|x64.Build.0 = Debug|Any CPU
		{0418CA81-B688-4B3E-9AAC-932A8E592363}.Debug|x86.ActiveCfg = Debug|Any CPU
		{0418CA81-B688-4B3E-9AAC-932A8E592363}.Debug|x86.Build.0 = Debug|Any CPU
		{0418CA81-B688-4B3E-9AAC-932A8E592363}.Release|Any CPU.ActiveCfg = Release|Any CPU
		{0418CA81-B688-4B3E-9AAC-932A8E592363}.Release|Any CPU.Build.0 = Release|Any CPU
		{0418CA81-B688-4B3E-9AAC-932A8E592363}.Release|x64.ActiveCfg = Release|Any CPU
		{0418CA81-B688-4B3E-9AAC-932A8E592363}.Release|x64.Build.0 = Release|Any CPU
		{0418CA81-B688-4B3E-9AAC-932A8E592363}.Release|x86.ActiveCfg = Release|Any CPU
		{0418CA81-B688-4B3E-9AAC-932A8E592363}.Release|x86.Build.0 = Release|Any CPU
		{0C318A40-226A-42AE-A952-480B3ED3DBC6}.Debug|Any CPU.ActiveCfg = Debug|Any CPU
		{0C318A40-226A-42AE-A952-480B3ED3DBC6}.Debug|Any CPU.Build.0 = Debug|Any CPU
		{0C318A40-226A-42AE-A952-480B3ED3DBC6}.Debug|x64.ActiveCfg = Debug|Any CPU
		{0C318A40-226A-42AE-A952-480B3ED3DBC6}.Debug|x64.Build.0 = Debug|Any CPU
		{0C318A40-226A-42AE-A952-480B3ED3DBC6}.Debug|x86.ActiveCfg = Debug|Any CPU
		{0C318A40-226A-42AE-A952-480B3ED3DBC6}.Debug|x86.Build.0 = Debug|Any CPU
		{0C318A40-226A-42AE-A952-480B3ED3DBC6}.Release|Any CPU.ActiveCfg = Release|Any CPU
		{0C318A40-226A-42AE-A952-480B3ED3DBC6}.Release|Any CPU.Build.0 = Release|Any CPU
		{0C318A40-226A-42AE-A952-480B3ED3DBC6}.Release|x64.ActiveCfg = Release|Any CPU
		{0C318A40-226A-42AE-A952-480B3ED3DBC6}.Release|x64.Build.0 = Release|Any CPU
		{0C318A40-226A-42AE-A952-480B3ED3DBC6}.Release|x86.ActiveCfg = Release|Any CPU
		{0C318A40-226A-42AE-A952-480B3ED3DBC6}.Release|x86.Build.0 = Release|Any CPU
		{6D1B83E6-2F3E-4E78-9511-3A1A43BB0C36}.Debug|Any CPU.ActiveCfg = Debug|Any CPU
		{6D1B83E6-2F3E-4E78-9511-3A1A43BB0C36}.Debug|Any CPU.Build.0 = Debug|Any CPU
		{6D1B83E6-2F3E-4E78-9511-3A1A43BB0C36}.Debug|x64.ActiveCfg = Debug|Any CPU
		{6D1B83E6-2F3E-4E78-9511-3A1A43BB0C36}.Debug|x64.Build.0 = Debug|Any CPU
		{6D1B83E6-2F3E-4E78-9511-3A1A43BB0C36}.Debug|x86.ActiveCfg = Debug|Any CPU
		{6D1B83E6-2F3E-4E78-9511-3A1A43BB0C36}.Debug|x86.Build.0 = Debug|Any CPU
		{6D1B83E6-2F3E-4E78-9511-3A1A43BB0C36}.Release|Any CPU.ActiveCfg = Release|Any CPU
		{6D1B83E6-2F3E-4E78-9511-3A1A43BB0C36}.Release|Any CPU.Build.0 = Release|Any CPU
		{6D1B83E6-2F3E-4E78-9511-3A1A43BB0C36}.Release|x64.ActiveCfg = Release|Any CPU
		{6D1B83E6-2F3E-4E78-9511-3A1A43BB0C36}.Release|x64.Build.0 = Release|Any CPU
		{6D1B83E6-2F3E-4E78-9511-3A1A43BB0C36}.Release|x86.ActiveCfg = Release|Any CPU
		{6D1B83E6-2F3E-4E78-9511-3A1A43BB0C36}.Release|x86.Build.0 = Release|Any CPU
		{847E786E-7458-4513-841A-4ECFAA60733D}.Debug|Any CPU.ActiveCfg = Debug|Any CPU
		{847E786E-7458-4513-841A-4ECFAA60733D}.Debug|Any CPU.Build.0 = Debug|Any CPU
		{847E786E-7458-4513-841A-4ECFAA60733D}.Debug|x64.ActiveCfg = Debug|Any CPU
		{847E786E-7458-4513-841A-4ECFAA60733D}.Debug|x64.Build.0 = Debug|Any CPU
		{847E786E-7458-4513-841A-4ECFAA60733D}.Debug|x86.ActiveCfg = Debug|Any CPU
		{847E786E-7458-4513-841A-4ECFAA60733D}.Debug|x86.Build.0 = Debug|Any CPU
		{847E786E-7458-4513-841A-4ECFAA60733D}.Release|Any CPU.ActiveCfg = Release|Any CPU
		{847E786E-7458-4513-841A-4ECFAA60733D}.Release|Any CPU.Build.0 = Release|Any CPU
		{847E786E-7458-4513-841A-4ECFAA60733D}.Release|x64.ActiveCfg = Release|Any CPU
		{847E786E-7458-4513-841A-4ECFAA60733D}.Release|x64.Build.0 = Release|Any CPU
		{847E786E-7458-4513-841A-4ECFAA60733D}.Release|x86.ActiveCfg = Release|Any CPU
		{847E786E-7458-4513-841A-4ECFAA60733D}.Release|x86.Build.0 = Release|Any CPU
	EndGlobalSection
	GlobalSection(SolutionProperties) = preSolution
		HideSolutionNode = FALSE
	EndGlobalSection
	GlobalSection(NestedProjects) = preSolution
		{CC498A29-A583-4D4F-ACFB-6EC27D610231} = {827E0CD3-B72D-47B6-A68D-7590B98EB39B}
		{08B958C6-702E-445D-A17D-8B2596505740} = {827E0CD3-B72D-47B6-A68D-7590B98EB39B}
		{E18CA1E8-24F5-49C5-8AA5-0316FB77F005} = {827E0CD3-B72D-47B6-A68D-7590B98EB39B}
		{1706920B-7770-46C8-8506-A3B098C5BAA0} = {827E0CD3-B72D-47B6-A68D-7590B98EB39B}
		{58EC692F-ED8E-4757-BE84-B2FC2DCDA27A} = {827E0CD3-B72D-47B6-A68D-7590B98EB39B}
		{D9AF513E-E425-4A8D-823A-5380D9F184C6} = {827E0CD3-B72D-47B6-A68D-7590B98EB39B}
		{74B87BF7-3C57-48C2-A2E4-FC0F180710B2} = {827E0CD3-B72D-47B6-A68D-7590B98EB39B}
		{4A21148D-EAD9-41F0-B39E-67A315409079} = {827E0CD3-B72D-47B6-A68D-7590B98EB39B}
		{BD979656-54E5-44F6-B24B-22A4B41AD88D} = {827E0CD3-B72D-47B6-A68D-7590B98EB39B}
		{FEE2115F-26C3-48F4-87E0-25A530106F5A} = {827E0CD3-B72D-47B6-A68D-7590B98EB39B}
		{83AE77AC-D14B-4649-9FC8-A17E6F54B8B3} = {3FA0F85F-A7C6-0754-1E55-9BD5D403A7D0}
		{D11A76FA-7D29-454D-95E9-5DD8DBEF6233} = {5D20AA90-6969-D8BD-9DCD-8634F4692FDA}
		{AC0A544D-EF59-4077-8E39-29E597D2E6F2} = {5D20AA90-6969-D8BD-9DCD-8634F4692FDA}
		{0418CA81-B688-4B3E-9AAC-932A8E592363} = {5D20AA90-6969-D8BD-9DCD-8634F4692FDA}
		{0C318A40-226A-42AE-A952-480B3ED3DBC6} = {0AB3BF05-4346-4AA6-1389-037BE0695223}
		{6D1B83E6-2F3E-4E78-9511-3A1A43BB0C36} = {0AB3BF05-4346-4AA6-1389-037BE0695223}
		{847E786E-7458-4513-841A-4ECFAA60733D} = {0AB3BF05-4346-4AA6-1389-037BE0695223}
		{0FED926C-8E75-4BF0-BCEA-CAE7911FFA3E} = {827E0CD3-B72D-47B6-A68D-7590B98EB39B}
	EndGlobalSection
EndGlobal
