
Microsoft Visual Studio Solution File, Format Version 12.00
# Visual Studio Version 17
VisualStudioVersion = 17.0.31903.59
MinimumVisualStudioVersion = 10.0.40219.1
Project("{2150E333-8FDC-42A3-9474-1A3956D46DE8}") = "src", "src", "{827E0CD3-B72D-47B6-A68D-7590B98EB39B}"
EndProject
Project("{FAE04EC0-301F-11D3-BF4B-00C04F79EFBC}") = "GstSharp.Net.Core", "src\GstSharp.Net.Core\GstSharp.Net.Core.csproj", "{7F3A2BF9-2709-4F84-9F08-B892A5990137}"
EndProject
Project("{FAE04EC0-301F-11D3-BF4B-00C04F79EFBC}") = "GstSharp.Net", "src\GstSharp.Net\GstSharp.Net.csproj", "{CC498A29-A583-4D4F-ACFB-6EC27D610231}"
EndProject
Project("{FAE04EC0-301F-11D3-BF4B-00C04F79EFBC}") = "GstSharp.Net.Base", "src\GstSharp.Net.Base\GstSharp.Net.Base.csproj", "{08B958C6-702E-445D-A17D-8B2596505740}"
EndProject
Project("{FAE04EC0-301F-11D3-BF4B-00C04F79EFBC}") = "GstSharp.Net.App", "src\GstSharp.Net.App\GstSharp.Net.App.csproj", "{E18CA1E8-24F5-49C5-8AA5-0316FB77F005}"
EndProject
Project("{FAE04EC0-301F-11D3-BF4B-00C04F79EFBC}") = "GstSharp.Net.Video", "src\GstSharp.Net.Video\GstSharp.Net.Video.csproj", "{1706920B-7770-46C8-8506-A3B098C5BAA0}"
EndProject
Project("{FAE04EC0-301F-11D3-BF4B-00C04F79EFBC}") = "GstSharp.Net.Audio", "src\GstSharp.Net.Audio\GstSharp.Net.Audio.csproj", "{58EC692F-ED8E-4757-BE84-B2FC2DCDA27A}"
EndProject
Project("{FAE04EC0-301F-11D3-BF4B-00C04F79EFBC}") = "GstSharp.Net.Pbutils", "src\GstSharp.Net.Pbutils\GstSharp.Net.Pbutils.csproj", "{D9AF513E-E425-4A8D-823A-5380D9F184C6}"
EndProject
Project("{FAE04EC0-301F-11D3-BF4B-00C04F79EFBC}") = "GstSharp.Net.Analyzers", "src\GstSharp.Net.Analyzers\GstSharp.Net.Analyzers.csproj", "{FEE2115F-26C3-48F4-87E0-25A530106F5A}"
EndProject
Project("{2150E333-8FDC-42A3-9474-1A3956D46DE8}") = "generator", "generator", "{3FA0F85F-A7C6-0754-1E55-9BD5D403A7D0}"
EndProject
Project("{FAE04EC0-301F-11D3-BF4B-00C04F79EFBC}") = "GstSharp.Generator", "generator\GstSharp.Generator\GstSharp.Generator.csproj", "{83AE77AC-D14B-4649-9FC8-A17E6F54B8B3}"
EndProject
Project("{2150E333-8FDC-42A3-9474-1A3956D46DE8}") = "samples", "samples", "{5D20AA90-6969-D8BD-9DCD-8634F4692FDA}"
EndProject
Project("{FAE04EC0-301F-11D3-BF4B-00C04F79EFBC}") = "PlaybinPlayer", "samples\PlaybinPlayer\PlaybinPlayer.csproj", "{D11A76FA-7D29-454D-95E9-5DD8DBEF6233}"
EndProject
Project("{FAE04EC0-301F-11D3-BF4B-00C04F79EFBC}") = "AppSinkSpans", "samples\AppSinkSpans\AppSinkSpans.csproj", "{AC0A544D-EF59-4077-8E39-29E597D2E6F2}"
EndProject
Project("{FAE04EC0-301F-11D3-BF4B-00C04F79EFBC}") = "AotSmoke", "samples\AotSmoke\AotSmoke.csproj", "{0418CA81-B688-4B3E-9AAC-932A8E592363}"
EndProject
Project("{2150E333-8FDC-42A3-9474-1A3956D46DE8}") = "tests", "tests", "{0AB3BF05-4346-4AA6-1389-037BE0695223}"
EndProject
Project("{FAE04EC0-301F-11D3-BF4B-00C04F79EFBC}") = "GstSharp.Generator.Tests", "tests\GstSharp.Generator.Tests\GstSharp.Generator.Tests.csproj", "{0C318A40-226A-42AE-A952-480B3ED3DBC6}"
EndProject
Project("{FAE04EC0-301F-11D3-BF4B-00C04F79EFBC}") = "GstSharp.Analyzers.Tests", "tests\GstSharp.Analyzers.Tests\GstSharp.Analyzers.Tests.csproj", "{6D1B83E6-2F3E-4E78-9511-3A1A43BB0C36}"
EndProject
Project("{FAE04EC0-301F-11D3-BF4B-00C04F79EFBC}") = "GstSharp.IntegrationTests", "tests\GstSharp.IntegrationTests\GstSharp.IntegrationTests.csproj", "{BDEAB7B1-2A65-4AE7-898A-027B71A15AEF}"
EndProject
Global
	GlobalSection(SolutionConfigurationPlatforms) = preSolution
		Debug|Any CPU = Debug|Any CPU
		Debug|x64 = Debug|x64
		Debug|x86 = Debug|x86
		Release|Any CPU = Release|Any CPU
		Release|x64 = Release|x64
		Release|x86 = Release|x86
	EndGlobalSection
	GlobalSection(ProjectConfigurationPlatforms) = postSolution
		{7F3A2BF9-2709-4F84-9F08-B892A5990137}.Debug|Any CPU.ActiveCfg = Debug|Any CPU
		{7F3A2BF9-2709-4F84-9F08-B892A5990137}.Debug|Any CPU.Build.0 = Debug|Any CPU
		{7F3A2BF9-2709-4F84-9F08-B892A5990137}.Debug|x64.ActiveCfg = Debug|Any CPU
		{7F3A2BF9-2709-4F84-9F08-B892A5990137}.Debug|x64.Build.0 = Debug|Any CPU
		{7F3A2BF9-2709-4F84-9F08-B892A5990137}.Debug|x86.ActiveCfg = Debug|Any CPU
		{7F3A2BF9-2709-4F84-9F08-B892A5990137}.Debug|x86.Build.0 = Debug|Any CPU
		{7F3A2BF9-2709-4F84-9F08-B892A5990137}.Release|Any CPU.ActiveCfg = Release|Any CPU
		{7F3A2BF9-2709-4F84-9F08-B892A5990137}.Release|Any CPU.Build.0 = Release|Any CPU
		{7F3A2BF9-2709-4F84-9F08-B892A5990137}.Release|x64.ActiveCfg = Release|Any CPU
		{7F3A2BF9-2709-4F84-9F08-B892A5990137}.Release|x64.Build.0 = Release|Any CPU
		{7F3A2BF9-2709-4F84-9F08-B892A5990137}.Release|x86.ActiveCfg = Release|Any CPU
		{7F3A2BF9-2709-4F84-9F08-B892A5990137}.Release|x86.Build.0 = Release|Any CPU
		{CC498A29-A583-4D4F-ACFB-6EC27D610231}.Debug|Any CPU.ActiveCfg = Debug|Any CPU
		{CC498A29-A583-4D4F-ACFB-6EC27D610231}.Debug|Any CPU.Build.0 = Debug|Any CPU
		{CC498A29-A583-4D4F-ACFB-6EC27D610231}.Debug|x64.ActiveCfg = Debug|Any CPU
		{CC498A29-A583-4D4F-ACFB-6EC27D610231}.Debug|x64.Build.0 = Debug|Any CPU
		{CC498A29-A583-4D4F-ACFB-6EC27D610231}.Debug|x86.ActiveCfg = Debug|Any CPU
		{CC498A29-A583-4D4F-ACFB-6EC27D610231}.Debug|x86.Build.0 = Debug|Any CPU
		{CC498A29-A583-4D4F-ACFB-6EC27D610231}.Release|Any CPU.ActiveCfg = Release|Any CPU
		{CC498A29-A583-4D4F-ACFB-6EC27D610231}.Release|Any CPU.Build.0 = Release|Any CPU
		{CC498A29-A583-4D4F-ACFB-6EC27D610231}.Release|x64.ActiveCfg = Release|Any CPU
		{CC498A29-A583-4D4F-ACFB-6EC27D610231}.Release|x64.Build.0 = Release|Any CPU
		{CC498A29-A583-4D4F-ACFB-6EC27D610231}.Release|x86.ActiveCfg = Release|Any CPU
		{CC498A29-A583-4D4F-ACFB-6EC27D610231}.Release|x86.Build.0 = Release|Any CPU
		{08B958C6-702E-445D-A17D-8B2596505740}.Debug|Any CPU.ActiveCfg = Debug|Any CPU
		{08B958C6-702E-445D-A17D-8B2596505740}.Debug|Any CPU.Build.0 = Debug|Any CPU
		{08B958C6-702E-445D-A17D-8B2596505740}.Debug|x64.ActiveCfg = Debug|Any CPU
		{08B958C6-702E-445D-A17D-8B2596505740}.Debug|x64.Build.0 = Debug|Any CPU
		{08B958C6-702E-445D-A17D-8B2596505740}.Debug|x86.ActiveCfg = Debug|Any CPU
		{08B958C6-702E-445D-A17D-8B2596505740}.Debug|x86.Build.0 = Debug|Any CPU
		{08B958C6-702E-445D-A17D-8B2596505740}.Release|Any CPU.ActiveCfg = Release|Any CPU
		{08B958C6-702E-445D-A17D-8B2596505740}.Release|Any CPU.Build.0 = Release|Any CPU
		{08B958C6-702E-445D-A17D-8B2596505740}.Release|x64.ActiveCfg = Release|Any CPU
		{08B958C6-702E-445D-A17D-8B2596505740}.Release|x64.Build.0 = Release|Any CPU
		{08B958C6-702E-445D-A17D-8B2596505740}.Release|x86.ActiveCfg = Release|Any CPU
		{08B958C6-702E-445D-A17D-8B2596505740}.Release|x86.Build.0 = Release|Any CPU
		{E18CA1E8-24F5-49C5-8AA5-0316FB77F005}.Debug|Any CPU.ActiveCfg = Debug|Any CPU
		{E18CA1E8-24F5-49C5-8AA5-0316FB77F005}.Debug|Any CPU.Build.0 = Debug|Any CPU
		{E18CA1E8-24F5-49C5-8AA5-0316FB77F005}.Debug|x64.ActiveCfg = Debug|Any CPU
		{E18CA1E8-24F5-49C5-8AA5-0316FB77F005}.Debug|x64.Build.0 = Debug|Any CPU
		{E18CA1E8-24F5-49C5-8AA5-0316FB77F005}.Debug|x86.ActiveCfg = Debug|Any CPU
		{E18CA1E8-24F5-49C5-8AA5-0316FB77F005}.Debug|x86.Build.0 = Debug|Any CPU
		{E18CA1E8-24F5-49C5-8AA5-0316FB77F005}.Release|Any CPU.ActiveCfg = Release|Any CPU
		{E18CA1E8-24F5-49C5-8AA5-0316FB77F005}.Release|Any CPU.Build.0 = Release|Any CPU
		{E18CA1E8-24F5-49C5-8AA5-0316FB77F005}.Release|x64.ActiveCfg = Release|Any CPU
		{E18CA1E8-24F5-49C5-8AA5-0316FB77F005}.Release|x64.Build.0 = Release|Any CPU
		{E18CA1E8-24F5-49C5-8AA5-0316FB77F005}.Release|x86.ActiveCfg = Release|Any CPU
		{E18CA1E8-24F5-49C5-8AA5-0316FB77F005}.Release|x86.Build.0 = Release|Any CPU
		{1706920B-7770-46C8-8506-A3B098C5BAA0}.Debug|Any CPU.ActiveCfg = Debug|Any CPU
		{1706920B-7770-46C8-8506-A3B098C5BAA0}.Debug|Any CPU.Build.0 = Debug|Any CPU
		{1706920B-7770-46C8-8506-A3B098C5BAA0}.Debug|x64.ActiveCfg = Debug|Any CPU
		{1706920B-7770-46C8-8506-A3B098C5BAA0}.Debug|x64.Build.0 = Debug|Any CPU
		{1706920B-7770-46C8-8506-A3B098C5BAA0}.Debug|x86.ActiveCfg = Debug|Any CPU
		{1706920B-7770-46C8-8506-A3B098C5BAA0}.Debug|x86.Build.0 = Debug|Any CPU
		{1706920B-7770-46C8-8506-A3B098C5BAA0}.Release|Any CPU.ActiveCfg = Release|Any CPU
		{1706920B-7770-46C8-8506-A3B098C5BAA0}.Release|Any CPU.Build.0 = Release|Any CPU
		{1706920B-7770-46C8-8506-A3B098C5BAA0}.Release|x64.ActiveCfg = Release|Any CPU
		{1706920B-7770-46C8-8506-A3B098C5BAA0}.Release|x64.Build.0 = Release|Any CPU
		{1706920B-7770-46C8-8506-A3B098C5BAA0}.Release|x86.ActiveCfg = Release|Any CPU
		{1706920B-7770-46C8-8506-A3B098C5BAA0}.Release|x86.Build.0 = Release|Any CPU
		{58EC692F-ED8E-4757-BE84-B2FC2DCDA27A}.Debug|Any CPU.ActiveCfg = Debug|Any CPU
		{58EC692F-ED8E-4757-BE84-B2FC2DCDA27A}.Debug|Any CPU.Build.0 = Debug|Any CPU
		{58EC692F-ED8E-4757-BE84-B2FC2DCDA27A}.Debug|x64.ActiveCfg = Debug|Any CPU
		{58EC692F-ED8E-4757-BE84-B2FC2DCDA27A}.Debug|x64.Build.0 = Debug|Any CPU
		{58EC692F-ED8E-4757-BE84-B2FC2DCDA27A}.Debug|x86.ActiveCfg = Debug|Any CPU
		{58EC692F-ED8E-4757-BE84-B2FC2DCDA27A}.Debug|x86.Build.0 = Debug|Any CPU
		{58EC692F-ED8E-4757-BE84-B2FC2DCDA27A}.Release|Any CPU.ActiveCfg = Release|Any CPU
		{58EC692F-ED8E-4757-BE84-B2FC2DCDA27A}.Release|Any CPU.Build.0 = Release|Any CPU
		{58EC692F-ED8E-4757-BE84-B2FC2DCDA27A}.Release|x64.ActiveCfg = Release|Any CPU
		{58EC692F-ED8E-4757-BE84-B2FC2DCDA27A}.Release|x64.Build.0 = Release|Any CPU
		{58EC692F-ED8E-4757-BE84-B2FC2DCDA27A}.Release|x86.ActiveCfg = Release|Any CPU
		{58EC692F-ED8E-4757-BE84-B2FC2DCDA27A}.Release|x86.Build.0 = Release|Any CPU
		{D9AF513E-E425-4A8D-823A-5380D9F184C6}.Debug|Any CPU.ActiveCfg = Debug|Any CPU
		{D9AF513E-E425-4A8D-823A-5380D9F184C6}.Debug|Any CPU.Build.0 = Debug|Any CPU
		{D9AF513E-E425-4A8D-823A-5380D9F184C6}.Debug|x64.ActiveCfg = Debug|Any CPU
		{D9AF513E-E425-4A8D-823A-5380D9F184C6}.Debug|x64.Build.0 = Debug|Any CPU
		{D9AF513E-E425-4A8D-823A-5380D9F184C6}.Debug|x86.ActiveCfg = Debug|Any CPU
		{D9AF513E-E425-4A8D-823A-5380D9F184C6}.Debug|x86.Build.0 = Debug|Any CPU
		{D9AF513E-E425-4A8D-823A-5380D9F184C6}.Release|Any CPU.ActiveCfg = Release|Any CPU
		{D9AF513E-E425-4A8D-823A-5380D9F184C6}.Release|Any CPU.Build.0 = Release|Any CPU
		{D9AF513E-E425-4A8D-823A-5380D9F184C6}.Release|x64.ActiveCfg = Release|Any CPU
		{D9AF513E-E425-4A8D-823A-5380D9F184C6}.Release|x64.Build.0 = Release|Any CPU
		{D9AF513E-E425-4A8D-823A-5380D9F184C6}.Release|x86.ActiveCfg = Release|Any CPU
		{D9AF513E-E425-4A8D-823A-5380D9F184C6}.Release|x86.Build.0 = Release|Any CPU
		{FEE2115F-26C3-48F4-87E0-25A530106F5A}.Debug|Any CPU.ActiveCfg = Debug|Any CPU
		{FEE2115F-26C3-48F4-87E0-25A530106F5A}.Debug|Any CPU.Build.0 = Debug|Any CPU
		{FEE2115F-26C3-48F4-87E0-25A530106F5A}.Debug|x64.ActiveCfg = Debug|Any CPU
		{FEE2115F-26C3-48F4-87E0-25A530106F5A}.Debug|x64.Build.0 = Debug|Any CPU
		{FEE2115F-26C3-48F4-87E0-25A530106F5A}.Debug|x86.ActiveCfg = Debug|Any CPU
		{FEE2115F-26C3-48F4-87E0-25A530106F5A}.Debug|x86.Build.0 = Debug|Any CPU
		{FEE2115F-26C3-48F4-87E0-25A530106F5A}.Release|Any CPU.ActiveCfg = Release|Any CPU
		{FEE2115F-26C3-48F4-87E0-25A530106F5A}.Release|Any CPU.Build.0 = Release|Any CPU
		{FEE2115F-26C3-48F4-87E0-25A530106F5A}.Release|x64.ActiveCfg = Release|Any CPU
		{FEE2115F-26C3-48F4-87E0-25A530106F5A}.Release|x64.Build.0 = Release|Any CPU
		{FEE2115F-26C3-48F4-87E0-25A530106F5A}.Release|x86.ActiveCfg = Release|Any CPU
		{FEE2115F-26C3-48F4-87E0-25A530106F5A}.Release|x86.Build.0 = Release|Any CPU
		{83AE77AC-D14B-4649-9FC8-A17E6F54B8B3}.Debug|Any CPU.ActiveCfg = Debug|Any CPU
		{83AE77AC-D14B-4649-9FC8-A17E6F54B8B3}.Debug|Any CPU.Build.0 = Debug|Any CPU
		{83AE77AC-D14B-4649-9FC8-A17E6F54B8B3}.Debug|x64.ActiveCfg = Debug|Any CPU
		{83AE77AC-D14B-4649-9FC8-A17E6F54B8B3}.Debug|x64.Build.0 = Debug|Any CPU
		{83AE77AC-D14B-4649-9FC8-A17E6F54B8B3}.Debug|x86.ActiveCfg = Debug|Any CPU
		{83AE77AC-D14B-4649-9FC8-A17E6F54B8B3}.Debug|x86.Build.0 = Debug|Any CPU
		{83AE77AC-D14B-4649-9FC8-A17E6F54B8B3}.Release|Any CPU.ActiveCfg = Release|Any CPU
		{83AE77AC-D14B-4649-9FC8-A17E6F54B8B3}.Release|Any CPU.Build.0 = Release|Any CPU
		{83AE77AC-D14B-4649-9FC8-A17E6F54B8B3}.Release|x64.ActiveCfg = Release|Any CPU
		{83AE77AC-D14B-4649-9FC8-A17E6F54B8B3}.Release|x64.Build.0 = Release|Any CPU
		{83AE77AC-D14B-4649-9FC8-A17E6F54B8B3}.Release|x86.ActiveCfg = Release|Any CPU
		{83AE77AC-D14B-4649-9FC8-A17E6F54B8B3}.Release|x86.Build.0 = Release|Any CPU
		{D11A76FA-7D29-454D-95E9-5DD8DBEF6233}.Debug|Any CPU.ActiveCfg = Debug|Any CPU
		{D11A76FA-7D29-454D-95E9-5DD8DBEF6233}.Debug|Any CPU.Build.0 = Debug|Any CPU
		{D11A76FA-7D29-454D-95E9-5DD8DBEF6233}.Debug|x64.ActiveCfg = Debug|Any CPU
		{D11A76FA-7D29-454D-95E9-5DD8DBEF6233}.Debug|x64.Build.0 = Debug|Any CPU
		{D11A76FA-7D29-454D-95E9-5DD8DBEF6233}.Debug|x86.ActiveCfg = Debug|Any CPU
		{D11A76FA-7D29-454D-95E9-5DD8DBEF6233}.Debug|x86.Build.0 = Debug|Any CPU
		{D11A76FA-7D29-454D-95E9-5DD8DBEF6233}.Release|Any CPU.ActiveCfg = Release|Any CPU
		{D11A76FA-7D29-454D-95E9-5DD8DBEF6233}.Release|Any CPU.Build.0 = Release|Any CPU
		{D11A76FA-7D29-454D-95E9-5DD8DBEF6233}.Release|x64.ActiveCfg = Release|Any CPU
		{D11A76FA-7D29-454D-95E9-5DD8DBEF6233}.Release|x64.Build.0 = Release|Any CPU
		{D11A76FA-7D29-454D-95E9-5DD8DBEF6233}.Release|x86.ActiveCfg = Release|Any CPU
		{D11A76FA-7D29-454D-95E9-5DD8DBEF6233}.Release|x86.Build.0 = Release|Any CPU
		{AC0A544D-EF59-4077-8E39-29E597D2E6F2}.Debug|Any CPU.ActiveCfg = Debug|Any CPU
		{AC0A544D-EF59-4077-8E39-29E597D2E6F2}.Debug|Any CPU.Build.0 = Debug|Any CPU
		{AC0A544D-EF59-4077-8E39-29E597D2E6F2}.Debug|x64.ActiveCfg = Debug|Any CPU
		{AC0A544D-EF59-4077-8E39-29E597D2E6F2}.Debug|x64.Build.0 = Debug|Any CPU
		{AC0A544D-EF59-4077-8E39-29E597D2E6F2}.Debug|x86.ActiveCfg = Debug|Any CPU
		{AC0A544D-EF59-4077-8E39-29E597D2E6F2}.Debug|x86.Build.0 = Debug|Any CPU
		{AC0A544D-EF59-4077-8E39-29E597D2E6F2}.Release|Any CPU.ActiveCfg = Release|Any CPU
		{AC0A544D-EF59-4077-8E39-29E597D2E6F2}.Release|Any CPU.Build.0 = Release|Any CPU
		{AC0A544D-EF59-4077-8E39-29E597D2E6F2}.Release|x64.ActiveCfg = Release|Any CPU
		{AC0A544D-EF59-4077-8E39-29E597D2E6F2}.Release|x64.Build.0 = Release|Any CPU
		{AC0A544D-EF59-4077-8E39-29E597D2E6F2}.Release|x86.ActiveCfg = Release|Any CPU
		{AC0A544D-EF59-4077-8E39-29E597D2E6F2}.Release|x86.Build.0 = Release|Any CPU
		{0418CA81-B688-4B3E-9AAC-932A8E592363}.Debug|Any CPU.ActiveCfg = Debug|Any CPU
		{0418CA81-B688-4B3E-9AAC-932A8E592363}.Debug|Any CPU.Build.0 = Debug|Any CPU
		{0418CA81-B688-4B3E-9AAC-932A8E592363}.Debug|x64.ActiveCfg = Debug|Any CPU
		{0418CA81-B688-4B3E-9AAC-932A8E592363}.Debug|x64.Build.0 = Debug|Any CPU
		{0418CA81-B688-4B3E-9AAC-932A8E592363}.Debug|x86.ActiveCfg = Debug|Any CPU
		{0418CA81-B688-4B3E-9AAC-932A8E592363}.Debug|x86.Build.0 = Debug|Any CPU
		{0418CA81-B688-4B3E-9AAC-932A8E592363}.Release|Any CPU.ActiveCfg = Release|Any CPU
		{0418CA81-B688-4B3E-9AAC-932A8E592363}.Release|Any CPU.Build.0 = Release|Any CPU
		{0418CA81-B688-4B3E-9AAC-932A8E592363}.Release|x64.ActiveCfg = Release|Any CPU
		{0418CA81-B688-4B3E-9AAC-932A8E592363}.Release|x64.Build.0 = Release|Any CPU
		{0418CA81-B688-4B3E-9AAC-932A8E592363}.Release|x86.ActiveCfg = Release|Any CPU
		{0418CA81-B688-4B3E-9AAC-932A8E592363}.Release|x86.Build.0 = Release|Any CPU
		{0C318A40-226A-42AE-A952-480B3ED3DBC6}.Debug|Any CPU.ActiveCfg = Debug|Any CPU
		{0C318A40-226A-42AE-A952-480B3ED3DBC6}.Debug|Any CPU.Build.0 = Debug|Any CPU
		{0C318A40-226A-42AE-A952-480B3ED3DBC6}.Debug|x64.ActiveCfg = Debug|Any CPU
		{0C318A40-226A-42AE-A952-480B3ED3DBC6}.Debug|x64.Build.0 = Debug|Any CPU
		{0C318A40-226A-42AE-A952-480B3ED3DBC6}.Debug|x86.ActiveCfg = Debug|Any CPU
		{0C318A40-226A-42AE-A952-480B3ED3DBC6}.Debug|x86.Build.0 = Debug|Any CPU
		{0C318A40-226A-42AE-A952-480B3ED3DBC6}.Release|Any CPU.ActiveCfg = Release|Any CPU
		{0C318A40-226A-42AE-A952-480B3ED3DBC6}.Release|Any CPU.Build.0 = Release|Any CPU
		{0C318A40-226A-42AE-A952-480B3ED3DBC6}.Release|x64.ActiveCfg = Release|Any CPU
		{0C318A40-226A-42AE-A952-480B3ED3DBC6}.Release|x64.Build.0 = Release|Any CPU
		{0C318A40-226A-42AE-A952-480B3ED3DBC6}.Release|x86.ActiveCfg = Release|Any CPU
		{0C318A40-226A-42AE-A952-480B3ED3DBC6}.Release|x86.Build.0 = Release|Any CPU
		{6D1B83E6-2F3E-4E78-9511-3A1A43BB0C36}.Debug|Any CPU.ActiveCfg = Debug|Any CPU
		{6D1B83E6-2F3E-4E78-9511-3A1A43BB0C36}.Debug|Any CPU.Build.0 = Debug|Any CPU
		{6D1B83E6-2F3E-4E78-9511-3A1A43BB0C36}.Debug|x64.ActiveCfg = Debug|Any CPU
		{6D1B83E6-2F3E-4E78-9511-3A1A43BB0C36}.Debug|x64.Build.0 = Debug|Any CPU
		{6D1B83E6-2F3E-4E78-9511-3A1A43BB0C36}.Debug|x86.ActiveCfg = Debug|Any CPU
		{6D1B83E6-2F3E-4E78-9511-3A1A43BB0C36}.Debug|x86.Build.0 = Debug|Any CPU
		{6D1B83E6-2F3E-4E78-9511-3A1A43BB0C36}.Release|Any CPU.ActiveCfg = Release|Any CPU
		{6D1B83E6-2F3E-4E78-9511-3A1A43BB0C36}.Release|Any CPU.Build.0 = Release|Any CPU
		{6D1B83E6-2F3E-4E78-9511-3A1A43BB0C36}.Release|x64.ActiveCfg = Release|Any CPU
		{6D1B83E6-2F3E-4E78-9511-3A1A43BB0C36}.Release|x64.Build.0 = Release|Any CPU
		{6D1B83E6-2F3E-4E78-9511-3A1A43BB0C36}.Release|x86.ActiveCfg = Release|Any CPU
		{6D1B83E6-2F3E-4E78-9511-3A1A43BB0C36}.Release|x86.Build.0 = Release|Any CPU
		{BDEAB7B1-2A65-4AE7-898A-027B71A15AEF}.Debug|Any CPU.ActiveCfg = Debug|Any CPU
		{BDEAB7B1-2A65-4AE7-898A-027B71A15AEF}.Debug|Any CPU.Build.0 = Debug|Any CPU
		{BDEAB7B1-2A65-4AE7-898A-027B71A15AEF}.Debug|x64.ActiveCfg = Debug|Any CPU
		{BDEAB7B1-2A65-4AE7-898A-027B71A15AEF}.Debug|x64.Build.0 = Debug|Any CPU
		{BDEAB7B1-2A65-4AE7-898A-027B71A15AEF}.Debug|x86.ActiveCfg = Debug|Any CPU
		{BDEAB7B1-2A65-4AE7-898A-027B71A15AEF}.Debug|x86.Build.0 = Debug|Any CPU
		{BDEAB7B1-2A65-4AE7-898A-027B71A15AEF}.Release|Any CPU.ActiveCfg = Release|Any CPU
		{BDEAB7B1-2A65-4AE7-898A-027B71A15AEF}.Release|Any CPU.Build.0 = Release|Any CPU
		{BDEAB7B1-2A65-4AE7-898A-027B71A15AEF}.Release|x64.ActiveCfg = Release|Any CPU
		{BDEAB7B1-2A65-4AE7-898A-027B71A15AEF}.Release|x64.Build.0 = Release|Any CPU
		{BDEAB7B1-2A65-4AE7-898A-027B71A15AEF}.Release|x86.ActiveCfg = Release|Any CPU
		{BDEAB7B1-2A65-4AE7-898A-027B71A15AEF}.Release|x86.Build.0 = Release|Any CPU
	EndGlobalSection
	GlobalSection(SolutionProperties) = preSolution
		HideSolutionNode = FALSE
	EndGlobalSection
	GlobalSection(NestedProjects) = preSolution
		{7F3A2BF9-2709-4F84-9F08-B892A5990137} = {827E0CD3-B72D-47B6-A68D-7590B98EB39B}
		{CC498A29-A583-4D4F-ACFB-6EC27D610231} = {827E0CD3-B72D-47B6-A68D-7590B98EB39B}
		{08B958C6-702E-445D-A17D-8B2596505740} = {827E0CD3-B72D-47B6-A68D-7590B98EB39B}
		{E18CA1E8-24F5-49C5-8AA5-0316FB77F005} = {827E0CD3-B72D-47B6-A68D-7590B98EB39B}
		{1706920B-7770-46C8-8506-A3B098C5BAA0} = {827E0CD3-B72D-47B6-A68D-7590B98EB39B}
		{58EC692F-ED8E-4757-BE84-B2FC2DCDA27A} = {827E0CD3-B72D-47B6-A68D-7590B98EB39B}
		{D9AF513E-E425-4A8D-823A-5380D9F184C6} = {827E0CD3-B72D-47B6-A68D-7590B98EB39B}
		{FEE2115F-26C3-48F4-87E0-25A530106F5A} = {827E0CD3-B72D-47B6-A68D-7590B98EB39B}
		{83AE77AC-D14B-4649-9FC8-A17E6F54B8B3} = {3FA0F85F-A7C6-0754-1E55-9BD5D403A7D0}
		{D11A76FA-7D29-454D-95E9-5DD8DBEF6233} = {5D20AA90-6969-D8BD-9DCD-8634F4692FDA}
		{AC0A544D-EF59-4077-8E39-29E597D2E6F2} = {5D20AA90-6969-D8BD-9DCD-8634F4692FDA}
		{0418CA81-B688-4B3E-9AAC-932A8E592363} = {5D20AA90-6969-D8BD-9DCD-8634F4692FDA}
		{0C318A40-226A-42AE-A952-480B3ED3DBC6} = {0AB3BF05-4346-4AA6-1389-037BE0695223}
		{6D1B83E6-2F3E-4E78-9511-3A1A43BB0C36} = {0AB3BF05-4346-4AA6-1389-037BE0695223}
		{BDEAB7B1-2A65-4AE7-898A-027B71A15AEF} = {0AB3BF05-4346-4AA6-1389-037BE0695223}
	EndGlobalSection
EndGlobal
