<Solution>
  <Configurations>
    <Platform Name="Any CPU" />
    <Platform Name="x64" />
    <Platform Name="x86" />
  </Configurations>
  <Folder Name="/generator/">
    <Project Path="generator/GstSharp.Generator/GstSharp.Generator.csproj" />
  </Folder>
  <Folder Name="/samples/">
    <Project Path="samples/AotSmoke/AotSmoke.csproj" />
    <Project Path="samples/AppSinkSpans/AppSinkSpans.csproj" />
    <Project Path="samples/AppSrcPush/AppSrcPush.csproj" />
    <Project Path="samples/GstDeviceMonitor/GstDeviceMonitor.csproj" />
    <Project Path="samples/GstDiscoverer/GstDiscoverer.csproj" />
    <Project Path="samples/GstInspect/GstInspect.csproj" />
    <Project Path="samples/GstLaunch/GstLaunch.csproj" />
    <Project Path="samples/GstPlay/GstPlay.csproj" />
    <Project Path="samples/GstTranscode/GstTranscode.csproj" />
    <Project Path="samples/GstTypefind/GstTypefind.csproj" />
    <Project Path="samples/PlaybinPlayer/PlaybinPlayer.csproj" />
    <Project Path="samples/RtpPacketDump/RtpPacketDump.csproj" />
    <Project Path="samples/RtspServer/RtspServer.csproj" />
  </Folder>
  <Folder Name="/samples/tutorials/">
    <Project Path="samples/tutorials/BasicTutorial01/BasicTutorial01.csproj" />
    <Project Path="samples/tutorials/BasicTutorial02/BasicTutorial02.csproj" />
    <Project Path="samples/tutorials/BasicTutorial03/BasicTutorial03.csproj" />
    <Project Path="samples/tutorials/BasicTutorial04/BasicTutorial04.csproj" />
    <Project Path="samples/tutorials/BasicTutorial06/BasicTutorial06.csproj" />
    <Project Path="samples/tutorials/BasicTutorial07/BasicTutorial07.csproj" />
    <Project Path="samples/tutorials/BasicTutorial08/BasicTutorial08.csproj" />
    <Project Path="samples/tutorials/BasicTutorial09/BasicTutorial09.csproj" />
    <Project Path="samples/tutorials/BasicTutorial13/BasicTutorial13.csproj" />
  </Folder>
  <Folder Name="/src/">
    <Project Path="src/GstSharp.Net.Allocators/GstSharp.Net.Allocators.csproj" />
    <Project Path="src/GstSharp.Net.Analyzers/GstSharp.Net.Analyzers.csproj" />
    <Project Path="src/GstSharp.Net.App/GstSharp.Net.App.csproj" />
    <Project Path="src/GstSharp.Net.Audio/GstSharp.Net.Audio.csproj" />
    <Project Path="src/GstSharp.Net.Base/GstSharp.Net.Base.csproj" />
    <Project Path="src/GstSharp.Net.Controller/GstSharp.Net.Controller.csproj" />
    <Project Path="src/GstSharp.Net.GES/GstSharp.Net.GES.csproj" />
    <Project Path="src/GstSharp.Net.Net/GstSharp.Net.Net.csproj" />
    <Project Path="src/GstSharp.Net.Pbutils/GstSharp.Net.Pbutils.csproj" />
    <Project Path="src/GstSharp.Net.Play/GstSharp.Net.Play.csproj" />
    <Project Path="src/GstSharp.Net.Rtp/GstSharp.Net.Rtp.csproj" />
    <Project Path="src/GstSharp.Net.Rtsp/GstSharp.Net.Rtsp.csproj" />
    <Project Path="src/GstSharp.Net.RtspServer/GstSharp.Net.RtspServer.csproj" />
    <Project Path="src/GstSharp.Net.Sdp/GstSharp.Net.Sdp.csproj" />
    <Project Path="src/GstSharp.Net.Tag/GstSharp.Net.Tag.csproj" />
    <Project Path="src/GstSharp.Net.Transcoder/GstSharp.Net.Transcoder.csproj" />
    <Project Path="src/GstSharp.Net.Video/GstSharp.Net.Video.csproj" />
    <Project Path="src/GstSharp.Net.WebRTC/GstSharp.Net.WebRTC.csproj" />
    <Project Path="src/GstSharp.Net/GstSharp.Net.csproj" />
  </Folder>
  <Folder Name="/tests/">
    <Project Path="tests/GstSharp.Analyzers.Tests/GstSharp.Analyzers.Tests.csproj" />
    <Project Path="tests/GstSharp.Core.Tests/GstSharp.Core.Tests.csproj" />
    <Project Path="tests/GstSharp.Generator.Tests/GstSharp.Generator.Tests.csproj" />
    <Project Path="tests/GstSharp.IntegrationTests/GstSharp.IntegrationTests.csproj" />
  </Folder>
</Solution>
